# THIS IS AN AUTOGENERATED FILE. DO NOT EDIT THIS FILE DIRECTLY.
# yarn lockfile v1


"@esbuild/darwin-x64@0.21.5":
  version "0.21.5"
  resolved "https://registry.npmjs.org/@esbuild/darwin-x64/-/darwin-x64-0.21.5.tgz"
  integrity sha512-se/JjF8NlmKVG4kNIuyWMV/22ZaerB+qaSi5MdrXtd6R08kvs2qCN4C09miupktDitvh8jRFflwGFBQcxZRjbw==

"@rollup/rollup-android-arm-eabi@4.25.0":
  version "4.25.0"
  resolved "https://registry.npmjs.org/@rollup/rollup-android-arm-eabi/-/rollup-android-arm-eabi-4.25.0.tgz"
  integrity sha512-CC/ZqFZwlAIbU1wUPisHyV/XRc5RydFrNLtgl3dGYskdwPZdt4HERtKm50a/+DtTlKeCq9IXFEWR+P6blwjqBA==

"@rollup/rollup-android-arm64@4.25.0":
  version "4.25.0"
  resolved "https://registry.npmjs.org/@rollup/rollup-android-arm64/-/rollup-android-arm64-4.25.0.tgz"
  integrity sha512-/Y76tmLGUJqVBXXCfVS8Q8FJqYGhgH4wl4qTA24E9v/IJM0XvJCGQVSW1QZ4J+VURO9h8YCa28sTFacZXwK7Rg==

"@rollup/rollup-darwin-arm64@4.25.0":
  version "4.25.0"
  resolved "https://registry.npmjs.org/@rollup/rollup-darwin-arm64/-/rollup-darwin-arm64-4.25.0.tgz"
  integrity sha512-YVT6L3UrKTlC0FpCZd0MGA7NVdp7YNaEqkENbWQ7AOVOqd/7VzyHpgIpc1mIaxRAo1ZsJRH45fq8j4N63I/vvg==

"@rollup/rollup-darwin-x64@4.25.0":
  version "4.25.0"
  resolved "https://registry.npmjs.org/@rollup/rollup-darwin-x64/-/rollup-darwin-x64-4.25.0.tgz"
  integrity sha512-ZRL+gexs3+ZmmWmGKEU43Bdn67kWnMeWXLFhcVv5Un8FQcx38yulHBA7XR2+KQdYIOtD0yZDWBCudmfj6lQJoA==

"@rollup/rollup-freebsd-arm64@4.25.0":
  version "4.25.0"
  resolved "https://registry.npmjs.org/@rollup/rollup-freebsd-arm64/-/rollup-freebsd-arm64-4.25.0.tgz"
  integrity sha512-xpEIXhiP27EAylEpreCozozsxWQ2TJbOLSivGfXhU4G1TBVEYtUPi2pOZBnvGXHyOdLAUUhPnJzH3ah5cqF01g==

"@rollup/rollup-freebsd-x64@4.25.0":
  version "4.25.0"
  resolved "https://registry.npmjs.org/@rollup/rollup-freebsd-x64/-/rollup-freebsd-x64-4.25.0.tgz"
  integrity sha512-sC5FsmZGlJv5dOcURrsnIK7ngc3Kirnx3as2XU9uER+zjfyqIjdcMVgzy4cOawhsssqzoAX19qmxgJ8a14Qrqw==

"@rollup/rollup-linux-arm-gnueabihf@4.25.0":
  version "4.25.0"
  resolved "https://registry.npmjs.org/@rollup/rollup-linux-arm-gnueabihf/-/rollup-linux-arm-gnueabihf-4.25.0.tgz"
  integrity sha512-uD/dbLSs1BEPzg564TpRAQ/YvTnCds2XxyOndAO8nJhaQcqQGFgv/DAVko/ZHap3boCvxnzYMa3mTkV/B/3SWA==

"@rollup/rollup-linux-arm-musleabihf@4.25.0":
  version "4.25.0"
  resolved "https://registry.npmjs.org/@rollup/rollup-linux-arm-musleabihf/-/rollup-linux-arm-musleabihf-4.25.0.tgz"
  integrity sha512-ZVt/XkrDlQWegDWrwyC3l0OfAF7yeJUF4fq5RMS07YM72BlSfn2fQQ6lPyBNjt+YbczMguPiJoCfaQC2dnflpQ==

"@rollup/rollup-linux-arm64-gnu@4.25.0":
  version "4.25.0"
  resolved "https://registry.npmjs.org/@rollup/rollup-linux-arm64-gnu/-/rollup-linux-arm64-gnu-4.25.0.tgz"
  integrity sha512-qboZ+T0gHAW2kkSDPHxu7quaFaaBlynODXpBVnPxUgvWYaE84xgCKAPEYE+fSMd3Zv5PyFZR+L0tCdYCMAtG0A==

"@rollup/rollup-linux-arm64-musl@4.25.0":
  version "4.25.0"
  resolved "https://registry.npmjs.org/@rollup/rollup-linux-arm64-musl/-/rollup-linux-arm64-musl-4.25.0.tgz"
  integrity sha512-ndWTSEmAaKr88dBuogGH2NZaxe7u2rDoArsejNslugHZ+r44NfWiwjzizVS1nUOHo+n1Z6qV3X60rqE/HlISgw==

"@rollup/rollup-linux-powerpc64le-gnu@4.25.0":
  version "4.25.0"
  resolved "https://registry.npmjs.org/@rollup/rollup-linux-powerpc64le-gnu/-/rollup-linux-powerpc64le-gnu-4.25.0.tgz"
  integrity sha512-BVSQvVa2v5hKwJSy6X7W1fjDex6yZnNKy3Kx1JGimccHft6HV0THTwNtC2zawtNXKUu+S5CjXslilYdKBAadzA==

"@rollup/rollup-linux-riscv64-gnu@4.25.0":
  version "4.25.0"
  resolved "https://registry.npmjs.org/@rollup/rollup-linux-riscv64-gnu/-/rollup-linux-riscv64-gnu-4.25.0.tgz"
  integrity sha512-G4hTREQrIdeV0PE2JruzI+vXdRnaK1pg64hemHq2v5fhv8C7WjVaeXc9P5i4Q5UC06d/L+zA0mszYIKl+wY8oA==

"@rollup/rollup-linux-s390x-gnu@4.25.0":
  version "4.25.0"
  resolved "https://registry.npmjs.org/@rollup/rollup-linux-s390x-gnu/-/rollup-linux-s390x-gnu-4.25.0.tgz"
  integrity sha512-9T/w0kQ+upxdkFL9zPVB6zy9vWW1deA3g8IauJxojN4bnz5FwSsUAD034KpXIVX5j5p/rn6XqumBMxfRkcHapQ==

"@rollup/rollup-linux-x64-gnu@4.25.0":
  version "4.25.0"
  resolved "https://registry.npmjs.org/@rollup/rollup-linux-x64-gnu/-/rollup-linux-x64-gnu-4.25.0.tgz"
  integrity sha512-ThcnU0EcMDn+J4B9LD++OgBYxZusuA7iemIIiz5yzEcFg04VZFzdFjuwPdlURmYPZw+fgVrFzj4CA64jSTG4Ig==

"@rollup/rollup-linux-x64-musl@4.25.0":
  version "4.25.0"
  resolved "https://registry.npmjs.org/@rollup/rollup-linux-x64-musl/-/rollup-linux-x64-musl-4.25.0.tgz"
  integrity sha512-zx71aY2oQxGxAT1JShfhNG79PnjYhMC6voAjzpu/xmMjDnKNf6Nl/xv7YaB/9SIa9jDYf8RBPWEnjcdlhlv1rQ==

"@rollup/rollup-win32-arm64-msvc@4.25.0":
  version "4.25.0"
  resolved "https://registry.npmjs.org/@rollup/rollup-win32-arm64-msvc/-/rollup-win32-arm64-msvc-4.25.0.tgz"
  integrity sha512-JT8tcjNocMs4CylWY/CxVLnv8e1lE7ff1fi6kbGocWwxDq9pj30IJ28Peb+Y8yiPNSF28oad42ApJB8oUkwGww==

"@rollup/rollup-win32-ia32-msvc@4.25.0":
  version "4.25.0"
  resolved "https://registry.npmjs.org/@rollup/rollup-win32-ia32-msvc/-/rollup-win32-ia32-msvc-4.25.0.tgz"
  integrity sha512-dRLjLsO3dNOfSN6tjyVlG+Msm4IiZnGkuZ7G5NmpzwF9oOc582FZG05+UdfTbz5Jd4buK/wMb6UeHFhG18+OEg==

"@rollup/rollup-win32-x64-msvc@4.25.0":
  version "4.25.0"
  resolved "https://registry.npmjs.org/@rollup/rollup-win32-x64-msvc/-/rollup-win32-x64-msvc-4.25.0.tgz"
  integrity sha512-/RqrIFtLB926frMhZD0a5oDa4eFIbyNEwLLloMTEjmqfwZWXywwVVOVmwTsuyhC9HKkVEZcOOi+KV4U9wmOdlg==

"@tauri-apps/api@^2.0.0", "@tauri-apps/api@>=2.0.0":
  version "2.0.2"
  resolved "https://registry.npmjs.org/@tauri-apps/api/-/api-2.0.2.tgz"
  integrity sha512-3wSwmG+1kr6WrgAFKK5ijkNFPp8TT3FLj3YHUb5EwMO+3FxX4uWlfSWkeeBy+Kc1RsKzugtYLuuya+98Flj+3w==

"@tauri-apps/cli-darwin-arm64@2.0.4":
  version "2.0.4"
  resolved "https://registry.npmjs.org/@tauri-apps/cli-darwin-arm64/-/cli-darwin-arm64-2.0.4.tgz"
  integrity sha512-siH7rOHobb16rPbc11k64p1mxIpiRCkWmzs2qmL5IX21Gx9K5onI3Tk67Oqpf2uNupbYzItrOttaDT4NHFC7tw==

"@tauri-apps/cli-darwin-x64@2.0.4":
  version "2.0.4"
  resolved "https://registry.npmjs.org/@tauri-apps/cli-darwin-x64/-/cli-darwin-x64-2.0.4.tgz"
  integrity sha512-zIccfbCoZMfmUpnk6PFCV0keFyfVj1A9XV3Oiiitj/dkTZ9CQvzjhX3XC0XcK4rsTWegfr2PjSrK06aiPAROAw==

"@tauri-apps/cli-linux-arm-gnueabihf@2.0.4":
  version "2.0.4"
  resolved "https://registry.npmjs.org/@tauri-apps/cli-linux-arm-gnueabihf/-/cli-linux-arm-gnueabihf-2.0.4.tgz"
  integrity sha512-fgQqJzefOGWCBNg4yrVA82Rg4s1XQr5K0dc2rCxBhJfa696e8dQ1LDrnWq/AiO5r+uHfVaoQTIUvxxpFicYRSA==

"@tauri-apps/cli-linux-arm64-gnu@2.0.4":
  version "2.0.4"
  resolved "https://registry.npmjs.org/@tauri-apps/cli-linux-arm64-gnu/-/cli-linux-arm64-gnu-2.0.4.tgz"
  integrity sha512-u8wbt5tPA9pI6j+d7jGrfOz9UVCiTp+IYzKNiIqlrDsAjqAUFaNXYHKqOUboeFWEmI4zoCWj6LgpS2OJTQ5FKg==

"@tauri-apps/cli-linux-arm64-musl@2.0.4":
  version "2.0.4"
  resolved "https://registry.npmjs.org/@tauri-apps/cli-linux-arm64-musl/-/cli-linux-arm64-musl-2.0.4.tgz"
  integrity sha512-hntF1V8e3V1hlrESm93PsghDhf3lA5pbvFrRfYxU1c+fVD/jRXGVw8BH3O1lW8MWwhEg1YdhKk01oAgsuHLuig==

"@tauri-apps/cli-linux-x64-gnu@2.0.4":
  version "2.0.4"
  resolved "https://registry.npmjs.org/@tauri-apps/cli-linux-x64-gnu/-/cli-linux-x64-gnu-2.0.4.tgz"
  integrity sha512-Iq1GGJb+oT1T0ZV8izrgf0cBtlzPCJaWcNueRbf1ZXquMf+FSTyQv+/Lo8rq5T6buOIJOH7cAOTuEWWqiCZteg==

"@tauri-apps/cli-linux-x64-musl@2.0.4":
  version "2.0.4"
  resolved "https://registry.npmjs.org/@tauri-apps/cli-linux-x64-musl/-/cli-linux-x64-musl-2.0.4.tgz"
  integrity sha512-9NTk6Pf0bSwXqCBdAA+PDYts9HeHebZzIo8mbRzRyUbER6QngG5HZb9Ka36Z1QWtJjdRy6uxSb4zb/9NuTeHfA==

"@tauri-apps/cli-win32-arm64-msvc@2.0.4":
  version "2.0.4"
  resolved "https://registry.npmjs.org/@tauri-apps/cli-win32-arm64-msvc/-/cli-win32-arm64-msvc-2.0.4.tgz"
  integrity sha512-OF2e9oxiBFR8A8wVMOhUx9QGN/I1ZkquWC7gVQBnA56nx9PabJlDT08QBy5UD8USqZFVznnfNr2ehlheQahb3g==

"@tauri-apps/cli-win32-ia32-msvc@2.0.4":
  version "2.0.4"
  resolved "https://registry.npmjs.org/@tauri-apps/cli-win32-ia32-msvc/-/cli-win32-ia32-msvc-2.0.4.tgz"
  integrity sha512-T+hCKB3rFP6q0saHHtR02hm6wr1ZPJ0Mkii3oRTxjPG6BBXoVzHNCYzvdgEGJPTA2sFuAQtJH764NRtNlDMifw==

"@tauri-apps/cli-win32-x64-msvc@2.0.4":
  version "2.0.4"
  resolved "https://registry.npmjs.org/@tauri-apps/cli-win32-x64-msvc/-/cli-win32-x64-msvc-2.0.4.tgz"
  integrity sha512-GVaiI3KWRFLomjJmApHqihhYlkJ+7FqhumhVfBO6Z2tWzZjQyVQgTdNp0kYEuW2WoAYEj0dKY6qd4YM33xYcUA==

"@tauri-apps/cli@^2.0.4":
  version "2.0.4"
  resolved "https://registry.npmjs.org/@tauri-apps/cli/-/cli-2.0.4.tgz"
  integrity sha512-Hl9eFXz+O366+6su9PfaSzu2EJdFe1p8K8ghkWmi40dz8VmSE7vsMTaOStD0I71ckSOkh2ICDX7FQTBgjlpjWw==
  optionalDependencies:
    "@tauri-apps/cli-darwin-arm64" "2.0.4"
    "@tauri-apps/cli-darwin-x64" "2.0.4"
    "@tauri-apps/cli-linux-arm-gnueabihf" "2.0.4"
    "@tauri-apps/cli-linux-arm64-gnu" "2.0.4"
    "@tauri-apps/cli-linux-arm64-musl" "2.0.4"
    "@tauri-apps/cli-linux-x64-gnu" "2.0.4"
    "@tauri-apps/cli-linux-x64-musl" "2.0.4"
    "@tauri-apps/cli-win32-arm64-msvc" "2.0.4"
    "@tauri-apps/cli-win32-ia32-msvc" "2.0.4"
    "@tauri-apps/cli-win32-x64-msvc" "2.0.4"

"@tauri-apps/plugin-shell@>=2.0.0":
  version "2.0.0"
  resolved "https://registry.npmjs.org/@tauri-apps/plugin-shell/-/plugin-shell-2.0.0.tgz"
  integrity sha512-OpW2+ycgJLrEoZityWeWYk+6ZWP9VyiAfbO+N/O8VfLkqyOym8kXh7odKDfINx9RAotkSGBtQM4abyKfJDkcUg==
  dependencies:
    "@tauri-apps/api" "^2.0.0"

"@types/estree@1.0.6":
  version "1.0.6"
  resolved "https://registry.npmjs.org/@types/estree/-/estree-1.0.6.tgz"
  integrity sha512-AYnb1nQyY49te+VRAVgmzfcgjYS91mY5P0TKUDCLEM+gNnA+3T6rWITXRLYCpahpqSQbN5cE+gHpnPyXjHWxcw==

esbuild@^0.21.3:
  version "0.21.5"
  resolved "https://registry.npmjs.org/esbuild/-/esbuild-0.21.5.tgz"
  integrity sha512-mg3OPMV4hXywwpoDxu3Qda5xCKQi+vCTZq8S9J/EpkhB2HzKXq4SNFZE3+NK93JYxc8VMSep+lOUSC/RVKaBqw==
  optionalDependencies:
    "@esbuild/aix-ppc64" "0.21.5"
    "@esbuild/android-arm" "0.21.5"
    "@esbuild/android-arm64" "0.21.5"
    "@esbuild/android-x64" "0.21.5"
    "@esbuild/darwin-arm64" "0.21.5"
    "@esbuild/darwin-x64" "0.21.5"
    "@esbuild/freebsd-arm64" "0.21.5"
    "@esbuild/freebsd-x64" "0.21.5"
    "@esbuild/linux-arm" "0.21.5"
    "@esbuild/linux-arm64" "0.21.5"
    "@esbuild/linux-ia32" "0.21.5"
    "@esbuild/linux-loong64" "0.21.5"
    "@esbuild/linux-mips64el" "0.21.5"
    "@esbuild/linux-ppc64" "0.21.5"
    "@esbuild/linux-riscv64" "0.21.5"
    "@esbuild/linux-s390x" "0.21.5"
    "@esbuild/linux-x64" "0.21.5"
    "@esbuild/netbsd-x64" "0.21.5"
    "@esbuild/openbsd-x64" "0.21.5"
    "@esbuild/sunos-x64" "0.21.5"
    "@esbuild/win32-arm64" "0.21.5"
    "@esbuild/win32-ia32" "0.21.5"
    "@esbuild/win32-x64" "0.21.5"

fsevents@~2.3.2, fsevents@~2.3.3:
  version "2.3.3"
  resolved "https://registry.npmjs.org/fsevents/-/fsevents-2.3.3.tgz"
  integrity sha512-5xoDfX+fL7faATnagmWPpbFtwh/R77WmMMqqHGS65C3vvB0YHrgF+B1YmZ3441tMj5n63k0212XNoJwzlhffQw==

nanoid@^3.3.7:
  version "3.3.7"
  resolved "https://registry.npmjs.org/nanoid/-/nanoid-3.3.7.tgz"
  integrity sha512-eSRppjcPIatRIMC1U6UngP8XFcz8MQWGQdt1MTBQ7NaAmvXDfvNxbvWV3x2y6CdEUciCSsDHDQZbhYaB8QEo2g==

picocolors@^1.1.0:
  version "1.1.0"
  resolved "https://registry.npmjs.org/picocolors/-/picocolors-1.1.0.tgz"
  integrity sha512-TQ92mBOW0l3LeMeyLV6mzy/kWr8lkd/hp3mTg7wYK7zJhuBStmGMBG0BdeDZS/dZx1IukaX6Bk11zcln25o1Aw==

postcss@^8.4.43:
  version "8.4.47"
  resolved "https://registry.npmjs.org/postcss/-/postcss-8.4.47.tgz"
  integrity sha512-56rxCq7G/XfB4EkXq9Egn5GCqugWvDFjafDOThIdMBsI15iqPqR5r15TfSr1YPYeEI19YeaXMCbY6u88Y76GLQ==
  dependencies:
    nanoid "^3.3.7"
    picocolors "^1.1.0"
    source-map-js "^1.2.1"

rollup@^4.20.0, rollup@^4.24.4:
  version "4.25.0"
  resolved "https://registry.npmjs.org/rollup/-/rollup-4.25.0.tgz"
  integrity sha512-uVbClXmR6wvx5R1M3Od4utyLUxrmOcEm3pAtMphn73Apq19PDtHpgZoEvqH2YnnaNUuvKmg2DgRd2Sqv+odyqg==
  dependencies:
    "@types/estree" "1.0.6"
  optionalDependencies:
    "@rollup/rollup-android-arm-eabi" "4.25.0"
    "@rollup/rollup-android-arm64" "4.25.0"
    "@rollup/rollup-darwin-arm64" "4.25.0"
    "@rollup/rollup-darwin-x64" "4.25.0"
    "@rollup/rollup-freebsd-arm64" "4.25.0"
    "@rollup/rollup-freebsd-x64" "4.25.0"
    "@rollup/rollup-linux-arm-gnueabihf" "4.25.0"
    "@rollup/rollup-linux-arm-musleabihf" "4.25.0"
    "@rollup/rollup-linux-arm64-gnu" "4.25.0"
    "@rollup/rollup-linux-arm64-musl" "4.25.0"
    "@rollup/rollup-linux-powerpc64le-gnu" "4.25.0"
    "@rollup/rollup-linux-riscv64-gnu" "4.25.0"
    "@rollup/rollup-linux-s390x-gnu" "4.25.0"
    "@rollup/rollup-linux-x64-gnu" "4.25.0"
    "@rollup/rollup-linux-x64-musl" "4.25.0"
    "@rollup/rollup-win32-arm64-msvc" "4.25.0"
    "@rollup/rollup-win32-ia32-msvc" "4.25.0"
    "@rollup/rollup-win32-x64-msvc" "4.25.0"
    fsevents "~2.3.2"

source-map-js@^1.2.1:
  version "1.2.1"
  resolved "https://registry.npmjs.org/source-map-js/-/source-map-js-1.2.1.tgz"
  integrity sha512-UXWMKhLOwVKb728IUtQPXxfYU+usdybtUrK/8uGE8CQMvrhOpwvzDBwj0QhSL7MQc7vIsISBG8VQ8+IDQxpfQA==

typescript@^5.2.2:
  version "5.6.3"
  resolved "https://registry.npmjs.org/typescript/-/typescript-5.6.3.tgz"
  integrity sha512-hjcS1mhfuyi4WW8IWtjP7brDrG2cuDZukyrYrSauoXGNgx0S7zceP07adYkJycEr56BOUTNPzbInooiN3fn1qw==

vite@^5.4.11:
  version "5.4.11"
  resolved "https://registry.npmjs.org/vite/-/vite-5.4.11.tgz"
  integrity sha512-c7jFQRklXua0mTzneGW9QVyxFjUgwcihC4bXEtujIo2ouWCe1Ajt/amn2PCxYnhYfd5k09JX3SB7OYWFKYqj8Q==
  dependencies:
    esbuild "^0.21.3"
    postcss "^8.4.43"
    rollup "^4.20.0"
  optionalDependencies:
    fsevents "~2.3.3"
